
Microsoft Visual Studio Solution File, Format Version 12.00
# Visual Studio Version 16
VisualStudioVersion = 16.0.30711.63
MinimumVisualStudioVersion = 10.0.40219.1
Project("{FAE04EC0-301F-11D3-BF4B-00C04F79EFBC}") = "ImageToCoreInk", "ImageToCoreInk\ImageToCoreInk.csproj", "{7BDCDD56-A63D-409C-81C3-37C6544144DD}"
EndProject
Global
	GlobalSection(SolutionConfigurationPlatforms) = preSolution
		Debug|Any CPU = Debug|Any CPU
		Release|Any CPU = Release|Any CPU
	EndGlobalSection
	GlobalSection(ProjectConfigurationPlatforms) = postSolution
		{7BDCDD56-A63D-409C-81C3-37C6544144DD}.Debug|Any CPU.ActiveCfg = Debug|Any CPU
		{7BDCDD56-A63D-409C-81C3-37C6544144DD}.Debug|Any CPU.Build.0 = Debug|Any CPU
		{7BDCDD56-A63D-409C-81C3-37C6544144DD}.Release|Any CPU.ActiveCfg = Release|Any CPU
		{7BDCDD56-A63D-409C-81C3-37C6544144DD}.Release|Any CPU.Build.0 = Release|Any CPU
	EndGlobalSection
	GlobalSection(SolutionProperties) = preSolution
		HideSolutionNode = FALSE
	EndGlobalSection
	GlobalSection(ExtensibilityGlobals) = postSolution
		SolutionGuid = {7388E447-CCC2-49F9-847F-47235A891A68}
	EndGlobalSection
EndGlobal
